
Microsoft Visual Studio Solution File, Format Version 12.00
# Visual Studio Version 17
VisualStudioVersion = 17.0.32014.148
MinimumVisualStudioVersion = 10.0.40219.1
Project("{9A19103F-16F7-4668-BE54-9A1E7A4F7556}") = "EnterpriseServer", "EnterpriseServer\EnterpriseServer.csproj", "{546B1E95-FD75-4F79-8990-0110C9AEA43B}"
EndProject
Project("{2150E333-8FDC-42A3-9474-1A3956D46DE8}") = "EnterpriseServer System", "EnterpriseServer System", "{0537A6E5-652D-4362-8A8E-B4D646F520FA}"
EndProject
Project("{2150E333-8FDC-42A3-9474-1A3956D46DE8}") = "module", "module", "{B62C980B-68D0-4D65-9489-74196BFA650B}"
EndProject
Project("{9A19103F-16F7-4668-BE54-9A1E7A4F7556}") = "data", "data\data.csproj", "{E661D8EF-F561-46C1-9162-810D7D2DB9E0}"
EndProject
Project("{9A19103F-16F7-4668-BE54-9A1E7A4F7556}") = "services", "services\services.csproj", "{2E31BEFB-D538-4241-920B-18373DBF6621}"
EndProject
Project("{2150E333-8FDC-42A3-9474-1A3956D46DE8}") = "StoreServer System", "StoreServer System", "{02A7EAAC-A3F3-4134-8A62-378EDFF62261}"
EndProject
Project("{2150E333-8FDC-42A3-9474-1A3956D46DE8}") = "CashDesk System", "CashDesk System", "{7845E847-40F1-4778-B8EC-690B319F8F7F}"
EndProject
Project("{9A19103F-16F7-4668-BE54-9A1E7A4F7556}") = "CashDeskPC", "CashDeskPC\CashDeskPC.csproj", "{EADD626F-E47F-4CEE-AECE-7DA1BE2490E4}"
EndProject
Project("{9A19103F-16F7-4668-BE54-9A1E7A4F7556}") = "StoreServer", "StoreServer\StoreServer.csproj", "{035A6313-42EF-434E-9636-D91B515E0439}"
EndProject
Project("{2150E333-8FDC-42A3-9474-1A3956D46DE8}") = "module", "module", "{A2996E38-DA20-4BA2-90E0-E54E9202CED0}"
EndProject
Project("{2150E333-8FDC-42A3-9474-1A3956D46DE8}") = "module", "module", "{65F10399-3F53-4A21-9CA7-3007B446B6C3}"
EndProject
Project("{FAE04EC0-301F-11D3-BF4B-00C04F79EFBC}") = "grpcServiceEnterprise", "grpcServiceEnterprise\grpcServiceEnterprise.csproj", "{FA462147-3BBF-4B81-8922-3CB82D1A69AD}"
EndProject
Global
	GlobalSection(SolutionConfigurationPlatforms) = preSolution
		Debug|Any CPU = Debug|Any CPU
		Release|Any CPU = Release|Any CPU
	EndGlobalSection
	GlobalSection(ProjectConfigurationPlatforms) = postSolution
		{546B1E95-FD75-4F79-8990-0110C9AEA43B}.Debug|Any CPU.ActiveCfg = Debug|Any CPU
		{546B1E95-FD75-4F79-8990-0110C9AEA43B}.Debug|Any CPU.Build.0 = Debug|Any CPU
		{546B1E95-FD75-4F79-8990-0110C9AEA43B}.Release|Any CPU.ActiveCfg = Release|Any CPU
		{546B1E95-FD75-4F79-8990-0110C9AEA43B}.Release|Any CPU.Build.0 = Release|Any CPU
		{E661D8EF-F561-46C1-9162-810D7D2DB9E0}.Debug|Any CPU.ActiveCfg = Debug|Any CPU
		{E661D8EF-F561-46C1-9162-810D7D2DB9E0}.Debug|Any CPU.Build.0 = Debug|Any CPU
		{E661D8EF-F561-46C1-9162-810D7D2DB9E0}.Release|Any CPU.ActiveCfg = Release|Any CPU
		{E661D8EF-F561-46C1-9162-810D7D2DB9E0}.Release|Any CPU.Build.0 = Release|Any CPU
		{2E31BEFB-D538-4241-920B-18373DBF6621}.Debug|Any CPU.ActiveCfg = Debug|Any CPU
		{2E31BEFB-D538-4241-920B-18373DBF6621}.Debug|Any CPU.Build.0 = Debug|Any CPU
		{2E31BEFB-D538-4241-920B-18373DBF6621}.Release|Any CPU.ActiveCfg = Release|Any CPU
		{2E31BEFB-D538-4241-920B-18373DBF6621}.Release|Any CPU.Build.0 = Release|Any CPU
		{EADD626F-E47F-4CEE-AECE-7DA1BE2490E4}.Debug|Any CPU.ActiveCfg = Debug|Any CPU
		{EADD626F-E47F-4CEE-AECE-7DA1BE2490E4}.Debug|Any CPU.Build.0 = Debug|Any CPU
		{EADD626F-E47F-4CEE-AECE-7DA1BE2490E4}.Release|Any CPU.ActiveCfg = Release|Any CPU
		{EADD626F-E47F-4CEE-AECE-7DA1BE2490E4}.Release|Any CPU.Build.0 = Release|Any CPU
		{035A6313-42EF-434E-9636-D91B515E0439}.Debug|Any CPU.ActiveCfg = Debug|Any CPU
		{035A6313-42EF-434E-9636-D91B515E0439}.Debug|Any CPU.Build.0 = Debug|Any CPU
		{035A6313-42EF-434E-9636-D91B515E0439}.Release|Any CPU.ActiveCfg = Release|Any CPU
		{035A6313-42EF-434E-9636-D91B515E0439}.Release|Any CPU.Build.0 = Release|Any CPU
		{FA462147-3BBF-4B81-8922-3CB82D1A69AD}.Debug|Any CPU.ActiveCfg = Debug|Any CPU
		{FA462147-3BBF-4B81-8922-3CB82D1A69AD}.Debug|Any CPU.Build.0 = Debug|Any CPU
		{FA462147-3BBF-4B81-8922-3CB82D1A69AD}.Release|Any CPU.ActiveCfg = Release|Any CPU
		{FA462147-3BBF-4B81-8922-3CB82D1A69AD}.Release|Any CPU.Build.0 = Release|Any CPU
	EndGlobalSection
	GlobalSection(SolutionProperties) = preSolution
		HideSolutionNode = FALSE
	EndGlobalSection
	GlobalSection(NestedProjects) = preSolution
		{546B1E95-FD75-4F79-8990-0110C9AEA43B} = {0537A6E5-652D-4362-8A8E-B4D646F520FA}
		{B62C980B-68D0-4D65-9489-74196BFA650B} = {0537A6E5-652D-4362-8A8E-B4D646F520FA}
		{E661D8EF-F561-46C1-9162-810D7D2DB9E0} = {B62C980B-68D0-4D65-9489-74196BFA650B}
		{2E31BEFB-D538-4241-920B-18373DBF6621} = {B62C980B-68D0-4D65-9489-74196BFA650B}
		{EADD626F-E47F-4CEE-AECE-7DA1BE2490E4} = {7845E847-40F1-4778-B8EC-690B319F8F7F}
		{035A6313-42EF-434E-9636-D91B515E0439} = {02A7EAAC-A3F3-4134-8A62-378EDFF62261}
		{A2996E38-DA20-4BA2-90E0-E54E9202CED0} = {7845E847-40F1-4778-B8EC-690B319F8F7F}
		{65F10399-3F53-4A21-9CA7-3007B446B6C3} = {02A7EAAC-A3F3-4134-8A62-378EDFF62261}
		{FA462147-3BBF-4B81-8922-3CB82D1A69AD} = {B62C980B-68D0-4D65-9489-74196BFA650B}
	EndGlobalSection
	GlobalSection(ExtensibilityGlobals) = postSolution
		SolutionGuid = {794386E4-60BD-4CEB-B327-AAD4B4D67E0E}
	EndGlobalSection
EndGlobal
